lockfileVersion: '9.0'

settings:
  autoInstallPeers: true
  excludeLinksFromLockfile: false

importers:

  .:
    dependencies:
      react:
        specifier: '>=17.0.0'
        version: 19.1.0
      zustand:
        specifier: ^4.0.0
        version: 5.0.5(@types/react@19.1.6)(react@19.1.0)(use-sync-external-store@1.5.0(react@19.1.0))
    devDependencies:
      '@types/react':
        specifier: ^19.1.6
        version: 19.1.6
      typescript:
        specifier: ^5.0.0
        version: 5.8.3

packages:

  '@types/react@19.1.6':
    resolution: {integrity: sha512-JeG0rEWak0N6Itr6QUx+X60uQmN+5t3j9r/OVDtWzFXKaj6kD1BwJzOksD0FF6iWxZlbE1kB0q9vtnU2ekqa1Q==}

  csstype@3.1.3:
    resolution: {integrity: sha512-M1uQkMl8rQK/szD0LNhtqxIPLpimGm8sOBwU7lLnCpSbTyY3yeU1Vc7l4KT5zT4s/yOxHH5O7tIuuLOCnLADRw==}

  react@19.1.0:
    resolution: {integrity: sha512-FS+XFBNvn3GTAWq26joslQgWNoFu08F4kl0J4CgdNKADkdSGXQyTCnKteIAJy96Br6YbpEU1LSzV5dYtjMkMDg==}
    engines: {node: '>=0.10.0'}

  typescript@5.8.3:
    resolution: {integrity: sha512-p1diW6TqL9L07nNxvRMM7hMMw4c5XOo/1ibL4aAIGmSAt9slTE1Xgw5KWuof2uTOvCg9BY7ZRi+GaF+7sfgPeQ==}
    engines: {node: '>=14.17'}
    hasBin: true

  use-sync-external-store@1.5.0:
    resolution: {integrity: sha512-Rb46I4cGGVBmjamjphe8L/UnvJD+uPPtTkNvX5mZgqdbavhI4EbgIWJiIHXJ8bc/i9EQGPRh4DwEURJ552Do0A==}
    peerDependencies:
      react: ^16.8.0 || ^17.0.0 || ^18.0.0 || ^19.0.0

  zustand@5.0.5:
    resolution: {integrity: sha512-mILtRfKW9xM47hqxGIxCv12gXusoY/xTSHBYApXozR0HmQv299whhBeeAcRy+KrPPybzosvJBCOmVjq6x12fCg==}
    engines: {node: '>=12.20.0'}
    peerDependencies:
      '@types/react': '>=18.0.0'
      immer: '>=9.0.6'
      react: '>=18.0.0'
      use-sync-external-store: '>=1.2.0'
    peerDependenciesMeta:
      '@types/react':
        optional: true
      immer:
        optional: true
      react:
        optional: true
      use-sync-external-store:
        optional: true

snapshots:

  '@types/react@19.1.6':
    dependencies:
      csstype: 3.1.3

  csstype@3.1.3: {}

  react@19.1.0: {}

  typescript@5.8.3: {}

  use-sync-external-store@1.5.0(react@19.1.0):
    dependencies:
      react: 19.1.0
    optional: true

  zustand@5.0.5(@types/react@19.1.6)(react@19.1.0)(use-sync-external-store@1.5.0(react@19.1.0)):
    optionalDependencies:
      '@types/react': 19.1.6
      react: 19.1.0
      use-sync-external-store: 1.5.0(react@19.1.0)
